// !$*UTF8*$!
{
	archiveVersion = 1;
	classes = {
	};
	objectVersion = 56;
	objects = {

/* Begin PBXBuildFile section */
		EF0B9FEB2AAD035400EDF71E /* Auth0 in Frameworks */ = {isa = PBXBuildFile; productRef = EF0B9FEA2AAD035400EDF71E /* Auth0 */; };
		EF0B9FEE2AAD035F00EDF71E /* SwiftKeychainWrapper in Frameworks */ = {isa = PBXBuildFile; productRef = EF0B9FED2AAD035F00EDF71E /* SwiftKeychainWrapper */; };
		EF0B9FF02AAD03E100EDF71E /* MotionManager.swift in Sources */ = {isa = PBXBuildFile; fileRef = EF0B9FEF2AAD03E100EDF71E /* MotionManager.swift */; };
		EF0B9FF22AAD069000EDF71E /* Theme.swift in Sources */ = {isa = PBXBuildFile; fileRef = EF0B9FF12AAD069000EDF71E /* Theme.swift */; };
		EF0B9FF42AAD078100EDF71E /* HomeView.swift in Sources */ = {isa = PBXBuildFile; fileRef = EF0B9FF32AAD078100EDF71E /* HomeView.swift */; };
		EF0B9FF62AAD085200EDF71E /* UserViewModel.swift in Sources */ = {isa = PBXBuildFile; fileRef = EF0B9FF52AAD085200EDF71E /* UserViewModel.swift */; };
		EF0B9FF82AAD924600EDF71E /* Auth0.plist in Resources */ = {isa = PBXBuildFile; fileRef = EF0B9FF72AAD924600EDF71E /* Auth0.plist */; };
		EFBEF3B32AA16ABD0029C9C9 /* No_WasteApp.swift in Sources */ = {isa = PBXBuildFile; fileRef = EFBEF3B22AA16ABD0029C9C9 /* No_WasteApp.swift */; };
		EFBEF3B52AA16ABD0029C9C9 /* ContentView.swift in Sources */ = {isa = PBXBuildFile; fileRef = EFBEF3B42AA16ABD0029C9C9 /* ContentView.swift */; };
		EFBEF3B72AA16AC20029C9C9 /* Assets.xcassets in Resources */ = {isa = PBXBuildFile; fileRef = EFBEF3B62AA16AC20029C9C9 /* Assets.xcassets */; };
		EFBEF3BA2AA16AC20029C9C9 /* Preview Assets.xcassets in Resources */ = {isa = PBXBuildFile; fileRef = EFBEF3B92AA16AC20029C9C9 /* Preview Assets.xcassets */; };
/* End PBXBuildFile section */

/* Begin PBXFileReference section */
		EF0B9FEF2AAD03E100EDF71E /* MotionManager.swift */ = {isa = PBXFileReference; lastKnownFileType = sourcecode.swift; path = MotionManager.swift; sourceTree = "<group>"; };
		EF0B9FF12AAD069000EDF71E /* Theme.swift */ = {isa = PBXFileReference; lastKnownFileType = sourcecode.swift; path = Theme.swift; sourceTree = "<group>"; };
		EF0B9FF32AAD078100EDF71E /* HomeView.swift */ = {isa = PBXFileReference; lastKnownFileType = sourcecode.swift; path = HomeView.swift; sourceTree = "<group>"; };
		EF0B9FF52AAD085200EDF71E /* UserViewModel.swift */ = {isa = PBXFileReference; lastKnownFileType = sourcecode.swift; path = UserViewModel.swift; sourceTree = "<group>"; };
		EF0B9FF72AAD924600EDF71E /* Auth0.plist */ = {isa = PBXFileReference; lastKnownFileType = text.plist.xml; path = Auth0.plist; sourceTree = "<group>"; };
		EFBEF3AF2AA16ABD0029C9C9 /* No Waste.app */ = {isa = PBXFileReference; explicitFileType = wrapper.application; includeInIndex = 0; path = "No Waste.app"; sourceTree = BUILT_PRODUCTS_DIR; };
		EFBEF3B22AA16ABD0029C9C9 /* No_WasteApp.swift */ = {isa = PBXFileReference; lastKnownFileType = sourcecode.swift; path = No_WasteApp.swift; sourceTree = "<group>"; };
		EFBEF3B42AA16ABD0029C9C9 /* ContentView.swift */ = {isa = PBXFileReference; lastKnownFileType = sourcecode.swift; path = ContentView.swift; sourceTree = "<group>"; };
		EFBEF3B62AA16AC20029C9C9 /* Assets.xcassets */ = {isa = PBXFileReference; lastKnownFileType = folder.assetcatalog; path = Assets.xcassets; sourceTree = "<group>"; };
		EFBEF3B92AA16AC20029C9C9 /* Preview Assets.xcassets */ = {isa = PBXFileReference; lastKnownFileType = folder.assetcatalog; path = "Preview Assets.xcassets"; sourceTree = "<group>"; };
/* End PBXFileReference section */

/* Begin PBXFrameworksBuildPhase section */
		EFBEF3AC2AA16ABD0029C9C9 /* Frameworks */ = {
			isa = PBXFrameworksBuildPhase;
			buildActionMask = 2147483647;
			files = (
				EF0B9FEE2AAD035F00EDF71E /* SwiftKeychainWrapper in Frameworks */,
				EF0B9FEB2AAD035400EDF71E /* Auth0 in Frameworks */,
			);
			runOnlyForDeploymentPostprocessing = 0;
		};
/* End PBXFrameworksBuildPhase section */

/* Begin PBXGroup section */
		EFBEF3A62AA16ABD0029C9C9 = {
			isa = PBXGroup;
			children = (
				EFBEF3B12AA16ABD0029C9C9 /* No Waste */,
				EFBEF3B02AA16ABD0029C9C9 /* Products */,
			);
			sourceTree = "<group>";
		};
		EFBEF3B02AA16ABD0029C9C9 /* Products */ = {
			isa = PBXGroup;
			children = (
				EFBEF3AF2AA16ABD0029C9C9 /* No Waste.app */,
			);
			name = Products;
			sourceTree = "<group>";
		};
		EFBEF3B12AA16ABD0029C9C9 /* No Waste */ = {
			isa = PBXGroup;
			children = (
				EF0B9FF72AAD924600EDF71E /* Auth0.plist */,
				EFBEF3B22AA16ABD0029C9C9 /* No_WasteApp.swift */,
				EFBEF3B42AA16ABD0029C9C9 /* ContentView.swift */,
				EF0B9FF32AAD078100EDF71E /* HomeView.swift */,
				EF0B9FEF2AAD03E100EDF71E /* MotionManager.swift */,
				EF0B9FF52AAD085200EDF71E /* UserViewModel.swift */,
				EF0B9FF12AAD069000EDF71E /* Theme.swift */,
				EFBEF3B62AA16AC20029C9C9 /* Assets.xcassets */,
				EFBEF3B82AA16AC20029C9C9 /* Preview Content */,
			);
			path = "No Waste";
			sourceTree = "<group>";
		};
		EFBEF3B82AA16AC20029C9C9 /* Preview Content */ = {
			isa = PBXGroup;
			children = (
				EFBEF3B92AA16AC20029C9C9 /* Preview Assets.xcassets */,
			);
			path = "Preview Content";
			sourceTree = "<group>";
		};
/* End PBXGroup section */

/* Begin PBXNativeTarget section */
		EFBEF3AE2AA16ABD0029C9C9 /* No Waste */ = {
			isa = PBXNativeTarget;
			buildConfigurationList = EFBEF3BD2AA16AC20029C9C9 /* Build configuration list for PBXNativeTarget "No Waste" */;
			buildPhases = (
				EFBEF3AB2AA16ABD0029C9C9 /* Sources */,
				EFBEF3AC2AA16ABD0029C9C9 /* Frameworks */,
				EFBEF3AD2AA16ABD0029C9C9 /* Resources */,
			);
			buildRules = (
			);
			dependencies = (
			);
			name = "No Waste";
			packageProductDependencies = (
				EF0B9FEA2AAD035400EDF71E /* Auth0 */,
				EF0B9FED2AAD035F00EDF71E /* SwiftKeychainWrapper */,
			);
			productName = "No Waste";
			productReference = EFBEF3AF2AA16ABD0029C9C9 /* No Waste.app */;
			productType = "com.apple.product-type.application";
		};
/* End PBXNativeTarget section */

/* Begin PBXProject section */
		EFBEF3A72AA16ABD0029C9C9 /* Project object */ = {
			isa = PBXProject;
			attributes = {
				BuildIndependentTargetsInParallel = 1;
				LastSwiftUpdateCheck = 1500;
				LastUpgradeCheck = 1500;
				TargetAttributes = {
					EFBEF3AE2AA16ABD0029C9C9 = {
						CreatedOnToolsVersion = 15.0;
					};
				};
			};
			buildConfigurationList = EFBEF3AA2AA16ABD0029C9C9 /* Build configuration list for PBXProject "No Waste" */;
			compatibilityVersion = "Xcode 14.0";
			developmentRegion = en;
			hasScannedForEncodings = 0;
			knownRegions = (
				en,
				Base,
			);
			mainGroup = EFBEF3A62AA16ABD0029C9C9;
			packageReferences = (
				EF0B9FE92AAD035400EDF71E /* XCRemoteSwiftPackageReference "Auth0" */,
				EF0B9FEC2AAD035F00EDF71E /* XCRemoteSwiftPackageReference "SwiftKeychainWrapper" */,
			);
			productRefGroup = EFBEF3B02AA16ABD0029C9C9 /* Products */;
			projectDirPath = "";
			projectRoot = "";
			targets = (
				EFBEF3AE2AA16ABD0029C9C9 /* No Waste */,
			);
		};
/* End PBXProject section */

/* Begin PBXResourcesBuildPhase section */
		EFBEF3AD2AA16ABD0029C9C9 /* Resources */ = {
			isa = PBXResourcesBuildPhase;
			buildActionMask = 2147483647;
			files = (
				EFBEF3BA2AA16AC20029C9C9 /* Preview Assets.xcassets in Resources */,
				EF0B9FF82AAD924600EDF71E /* Auth0.plist in Resources */,
				EFBEF3B72AA16AC20029C9C9 /* Assets.xcassets in Resources */,
			);
			runOnlyForDeploymentPostprocessing = 0;
		};
/* End PBXResourcesBuildPhase section */

/* Begin PBXSourcesBuildPhase section */
		EFBEF3AB2AA16ABD0029C9C9 /* Sources */ = {
			isa = PBXSourcesBuildPhase;
			buildActionMask = 2147483647;
			files = (
				EFBEF3B52AA16ABD0029C9C9 /* ContentView.swift in Sources */,
				EF0B9FF62AAD085200EDF71E /* UserViewModel.swift in Sources */,
				EF0B9FF22AAD069000EDF71E /* Theme.swift in Sources */,
				EF0B9FF02AAD03E100EDF71E /* MotionManager.swift in Sources */,
				EF0B9FF42AAD078100EDF71E /* HomeView.swift in Sources */,
				EFBEF3B32AA16ABD0029C9C9 /* No_WasteApp.swift in Sources */,
			);
			runOnlyForDeploymentPostprocessing = 0;
		};
/* End PBXSourcesBuildPhase section */

/* Begin XCBuildConfiguration section */
		EFBEF3BB2AA16AC20029C9C9 /* Debug */ = {
			isa = XCBuildConfiguration;
			buildSettings = {
				ALWAYS_SEARCH_USER_PATHS = NO;
				ASSETCATALOG_COMPILER_GENERATE_SWIFT_ASSET_SYMBOL_EXTENSIONS = YES;
				CLANG_ANALYZER_NONNULL = YES;
				CLANG_ANALYZER_NUMBER_OBJECT_CONVERSION = YES_AGGRESSIVE;
				CLANG_CXX_LANGUAGE_STANDARD = "gnu++20";
				CLANG_ENABLE_MODULES = YES;
				CLANG_ENABLE_OBJC_ARC = YES;
				CLANG_ENABLE_OBJC_WEAK = YES;
				CLANG_WARN_BLOCK_CAPTURE_AUTORELEASING = YES;
				CLANG_WARN_BOOL_CONVERSION = YES;
				CLANG_WARN_COMMA = YES;
				CLANG_WARN_CONSTANT_CONVERSION = YES;
				CLANG_WARN_DEPRECATED_OBJC_IMPLEMENTATIONS = YES;
				CLANG_WARN_DIRECT_OBJC_ISA_USAGE = YES_ERROR;
				CLANG_WARN_DOCUMENTATION_COMMENTS = YES;
				CLANG_WARN_EMPTY_BODY = YES;
				CLANG_WARN_ENUM_CONVERSION = YES;
				CLANG_WARN_INFINITE_RECURSION = YES;
				CLANG_WARN_INT_CONVERSION = YES;
				CLANG_WARN_NON_LITERAL_NULL_CONVERSION = YES;
				CLANG_WARN_OBJC_IMPLICIT_RETAIN_SELF = YES;
				CLANG_WARN_OBJC_LITERAL_CONVERSION = YES;
				CLANG_WARN_OBJC_ROOT_CLASS = YES_ERROR;
				CLANG_WARN_QUOTED_INCLUDE_IN_FRAMEWORK_HEADER = YES;
				CLANG_WARN_RANGE_LOOP_ANALYSIS = YES;
				CLANG_WARN_STRICT_PROTOTYPES = YES;
				CLANG_WARN_SUSPICIOUS_MOVE = YES;
				CLANG_WARN_UNGUARDED_AVAILABILITY = YES_AGGRESSIVE;
				CLANG_WARN_UNREACHABLE_CODE = YES;
				CLANG_WARN__DUPLICATE_METHOD_MATCH = YES;
				COPY_PHASE_STRIP = NO;
				DEBUG_INFORMATION_FORMAT = dwarf;
				ENABLE_STRICT_OBJC_MSGSEND = YES;
				ENABLE_TESTABILITY = YES;
				ENABLE_USER_SCRIPT_SANDBOXING = YES;
				GCC_C_LANGUAGE_STANDARD = gnu17;
				GCC_DYNAMIC_NO_PIC = NO;
				GCC_NO_COMMON_BLOCKS = YES;
				GCC_OPTIMIZATION_LEVEL = 0;
				GCC_PREPROCESSOR_DEFINITIONS = (
					"DEBUG=1",
					"$(inherited)",
				);
				GCC_WARN_64_TO_32_BIT_CONVERSION = YES;
				GCC_WARN_ABOUT_RETURN_TYPE = YES_ERROR;
				GCC_WARN_UNDECLARED_SELECTOR = YES;
				GCC_WARN_UNINITIALIZED_AUTOS = YES_AGGRESSIVE;
				GCC_WARN_UNUSED_FUNCTION = YES;
				GCC_WARN_UNUSED_VARIABLE = YES;
				IPHONEOS_DEPLOYMENT_TARGET = 17.0;
				LOCALIZATION_PREFERS_STRING_CATALOGS = YES;
				MTL_ENABLE_DEBUG_INFO = INCLUDE_SOURCE;
				MTL_FAST_MATH = YES;
				ONLY_ACTIVE_ARCH = YES;
				SDKROOT = iphoneos;
				SWIFT_ACTIVE_COMPILATION_CONDITIONS = "DEBUG $(inherited)";
				SWIFT_OPTIMIZATION_LEVEL = "-Onone";
			};
			name = Debug;
		};
		EFBEF3BC2AA16AC20029C9C9 /* Release */ = {
			isa = XCBuildConfiguration;
			buildSettings = {
				ALWAYS_SEARCH_USER_PATHS = NO;
				ASSETCATALOG_COMPILER_GENERATE_SWIFT_ASSET_SYMBOL_EXTENSIONS = YES;
				CLANG_ANALYZER_NONNULL = YES;
				CLANG_ANALYZER_NUMBER_OBJECT_CONVERSION = YES_AGGRESSIVE;
				CLANG_CXX_LANGUAGE_STANDARD = "gnu++20";
				CLANG_ENABLE_MODULES = YES;
				CLANG_ENABLE_OBJC_ARC = YES;
				CLANG_ENABLE_OBJC_WEAK = YES;
				CLANG_WARN_BLOCK_CAPTURE_AUTORELEASING = YES;
				CLANG_WARN_BOOL_CONVERSION = YES;
				CLANG_WARN_COMMA = YES;
				CLANG_WARN_CONSTANT_CONVERSION = YES;
				CLANG_WARN_DEPRECATED_OBJC_IMPLEMENTATIONS = YES;
				CLANG_WARN_DIRECT_OBJC_ISA_USAGE = YES_ERROR;
				CLANG_WARN_DOCUMENTATION_COMMENTS = YES;
				CLANG_WARN_EMPTY_BODY = YES;
				CLANG_WARN_ENUM_CONVERSION = YES;
				CLANG_WARN_INFINITE_RECURSION = YES;
				CLANG_WARN_INT_CONVERSION = YES;
				CLANG_WARN_NON_LITERAL_NULL_CONVERSION = YES;
				CLANG_WARN_OBJC_IMPLICIT_RETAIN_SELF = YES;
				CLANG_WARN_OBJC_LITERAL_CONVERSION = YES;
				CLANG_WARN_OBJC_ROOT_CLASS = YES_ERROR;
				CLANG_WARN_QUOTED_INCLUDE_IN_FRAMEWORK_HEADER = YES;
				CLANG_WARN_RANGE_LOOP_ANALYSIS = YES;
				CLANG_WARN_STRICT_PROTOTYPES = YES;
				CLANG_WARN_SUSPICIOUS_MOVE = YES;
				CLANG_WARN_UNGUARDED_AVAILABILITY = YES_AGGRESSIVE;
				CLANG_WARN_UNREACHABLE_CODE = YES;
				CLANG_WARN__DUPLICATE_METHOD_MATCH = YES;
				COPY_PHASE_STRIP = NO;
				DEBUG_INFORMATION_FORMAT = "dwarf-with-dsym";
				ENABLE_NS_ASSERTIONS = NO;
				ENABLE_STRICT_OBJC_MSGSEND = YES;
				ENABLE_USER_SCRIPT_SANDBOXING = YES;
				GCC_C_LANGUAGE_STANDARD = gnu17;
				GCC_NO_COMMON_BLOCKS = YES;
				GCC_WARN_64_TO_32_BIT_CONVERSION = YES;
				GCC_WARN_ABOUT_RETURN_TYPE = YES_ERROR;
				GCC_WARN_UNDECLARED_SELECTOR = YES;
				GCC_WARN_UNINITIALIZED_AUTOS = YES_AGGRESSIVE;
				GCC_WARN_UNUSED_FUNCTION = YES;
				GCC_WARN_UNUSED_VARIABLE = YES;
				IPHONEOS_DEPLOYMENT_TARGET = 17.0;
				LOCALIZATION_PREFERS_STRING_CATALOGS = YES;
				MTL_ENABLE_DEBUG_INFO = NO;
				MTL_FAST_MATH = YES;
				SDKROOT = iphoneos;
				SWIFT_COMPILATION_MODE = wholemodule;
				VALIDATE_PRODUCT = YES;
			};
			name = Release;
		};
		EFBEF3BE2AA16AC20029C9C9 /* Debug */ = {
			isa = XCBuildConfiguration;
			buildSettings = {
				ASSETCATALOG_COMPILER_APPICON_NAME = AppIcon;
				ASSETCATALOG_COMPILER_GLOBAL_ACCENT_COLOR_NAME = AccentColor;
				CODE_SIGN_STYLE = Automatic;
				CURRENT_PROJECT_VERSION = 1;
				DEVELOPMENT_ASSET_PATHS = "\"No Waste/Preview Content\"";
				DEVELOPMENT_TEAM = 59K72J8GZN;
				ENABLE_PREVIEWS = YES;
				GENERATE_INFOPLIST_FILE = YES;
				INFOPLIST_KEY_UIApplicationSceneManifest_Generation = YES;
				INFOPLIST_KEY_UIApplicationSupportsIndirectInputEvents = YES;
				INFOPLIST_KEY_UILaunchScreen_Generation = YES;
				INFOPLIST_KEY_UISupportedInterfaceOrientations_iPad = "UIInterfaceOrientationPortrait UIInterfaceOrientationPortraitUpsideDown UIInterfaceOrientationLandscapeLeft UIInterfaceOrientationLandscapeRight";
				INFOPLIST_KEY_UISupportedInterfaceOrientations_iPhone = "UIInterfaceOrientationPortrait UIInterfaceOrientationLandscapeLeft UIInterfaceOrientationLandscapeRight";
				LD_RUNPATH_SEARCH_PATHS = (
					"$(inherited)",
					"@executable_path/Frameworks",
				);
				MARKETING_VERSION = 1.0;
				PRODUCT_BUNDLE_IDENTIFIER = "com.bengann.No-Waste";
				PRODUCT_NAME = "$(TARGET_NAME)";
				SWIFT_EMIT_LOC_STRINGS = YES;
				SWIFT_VERSION = 5.0;
				TARGETED_DEVICE_FAMILY = "1,2";
			};
			name = Debug;
		};
		EFBEF3BF2AA16AC20029C9C9 /* Release */ = {
			isa = XCBuildConfiguration;
			buildSettings = {
				ASSETCATALOG_COMPILER_APPICON_NAME = AppIcon;
				ASSETCATALOG_COMPILER_GLOBAL_ACCENT_COLOR_NAME = AccentColor;
				CODE_SIGN_STYLE = Automatic;
				CURRENT_PROJECT_VERSION = 1;
				DEVELOPMENT_ASSET_PATHS = "\"No Waste/Preview Content\"";
				DEVELOPMENT_TEAM = 59K72J8GZN;
				ENABLE_PREVIEWS = YES;
				GENERATE_INFOPLIST_FILE = YES;
				INFOPLIST_KEY_UIApplicationSceneManifest_Generation = YES;
				INFOPLIST_KEY_UIApplicationSupportsIndirectInputEvents = YES;
				INFOPLIST_KEY_UILaunchScreen_Generation = YES;
				INFOPLIST_KEY_UISupportedInterfaceOrientations_iPad = "UIInterfaceOrientationPortrait UIInterfaceOrientationPortraitUpsideDown UIInterfaceOrientationLandscapeLeft UIInterfaceOrientationLandscapeRight";
				INFOPLIST_KEY_UISupportedInterfaceOrientations_iPhone = "UIInterfaceOrientationPortrait UIInterfaceOrientationLandscapeLeft UIInterfaceOrientationLandscapeRight";
				LD_RUNPATH_SEARCH_PATHS = (
					"$(inherited)",
					"@executable_path/Frameworks",
				);
				MARKETING_VERSION = 1.0;
				PRODUCT_BUNDLE_IDENTIFIER = "com.bengann.No-Waste";
				PRODUCT_NAME = "$(TARGET_NAME)";
				SWIFT_EMIT_LOC_STRINGS = YES;
				SWIFT_VERSION = 5.0;
				TARGETED_DEVICE_FAMILY = "1,2";
			};
			name = Release;
		};
/* End XCBuildConfiguration section */

/* Begin XCConfigurationList section */
		EFBEF3AA2AA16ABD0029C9C9 /* Build configuration list for PBXProject "No Waste" */ = {
			isa = XCConfigurationList;
			buildConfigurations = (
				EFBEF3BB2AA16AC20029C9C9 /* Debug */,
				EFBEF3BC2AA16AC20029C9C9 /* Release */,
			);
			defaultConfigurationIsVisible = 0;
			defaultConfigurationName = Release;
		};
		EFBEF3BD2AA16AC20029C9C9 /* Build configuration list for PBXNativeTarget "No Waste" */ = {
			isa = XCConfigurationList;
			buildConfigurations = (
				EFBEF3BE2AA16AC20029C9C9 /* Debug */,
				EFBEF3BF2AA16AC20029C9C9 /* Release */,
			);
			defaultConfigurationIsVisible = 0;
			defaultConfigurationName = Release;
		};
/* End XCConfigurationList section */

/* Begin XCRemoteSwiftPackageReference section */
		EF0B9FE92AAD035400EDF71E /* XCRemoteSwiftPackageReference "Auth0" */ = {
			isa = XCRemoteSwiftPackageReference;
			repositoryURL = "https://github.com/auth0/Auth0.swift";
			requirement = {
				kind = upToNextMajorVersion;
				minimumVersion = 2.5.0;
			};
		};
		EF0B9FEC2AAD035F00EDF71E /* XCRemoteSwiftPackageReference "SwiftKeychainWrapper" */ = {
			isa = XCRemoteSwiftPackageReference;
			repositoryURL = "https://github.com/jrendel/SwiftKeychainWrapper";
			requirement = {
				kind = upToNextMajorVersion;
				minimumVersion = 4.0.1;
			};
		};
/* End XCRemoteSwiftPackageReference section */

/* Begin XCSwiftPackageProductDependency section */
		EF0B9FEA2AAD035400EDF71E /* Auth0 */ = {
			isa = XCSwiftPackageProductDependency;
			package = EF0B9FE92AAD035400EDF71E /* XCRemoteSwiftPackageReference "Auth0" */;
			productName = Auth0;
		};
		EF0B9FED2AAD035F00EDF71E /* SwiftKeychainWrapper */ = {
			isa = XCSwiftPackageProductDependency;
			package = EF0B9FEC2AAD035F00EDF71E /* XCRemoteSwiftPackageReference "SwiftKeychainWrapper" */;
			productName = SwiftKeychainWrapper;
		};
/* End XCSwiftPackageProductDependency section */
	};
	rootObject = EFBEF3A72AA16ABD0029C9C9 /* Project object */;
}
